{
  "nodes": {
    "nixpkgs": {
      "locked": {
        "lastModified": 1694753796,
        "narHash": "sha256-QPE7dqcicQH/nq9aywVXJWWtci4FvxHaM+BSIEbGBvA=",
        "path": "/nix/store/iarm76b9p60gbkxs0n3dww1r2f4gs650-source",
        "rev": "360a7d31c30abefdc490d203f80e3221b7a24af2",
        "type": "path"
      },
      "original": {
        "id": "nixpkgs",
        "type": "indirect"
      }
    },
    "root": {
      "inputs": {
        "nixpkgs": "nixpkgs"
      }
    }
  },
  "root": "root",
  "version": 7
}
